PODS:
  - AFNetworking (4.0.1):
    - AFNetworking/NSURLSession (= 4.0.1)
    - AFNetworking/Reachability (= 4.0.1)
    - AFNetworking/Security (= 4.0.1)
    - AFNetworking/Serialization (= 4.0.1)
    - AFNetworking/UIKit (= 4.0.1)
  - AFNetworking/NSURLSession (4.0.1):
    - AFNetworking/Reachability
    - AFNetworking/Security
    - AFNetworking/Serialization
  - AFNetworking/Reachability (4.0.1)
  - AFNetworking/Security (4.0.1)
  - AFNetworking/Serialization (4.0.1)
  - AFNetworking/UIKit (4.0.1):
    - AFNetworking/NSURLSession
  - AIBudsSDK/ABMate (1.0.0-beta.3):
    - AIBudsSDK/Core
    - GCDWebServer
    - libopus (= 1.1)
  - AIBudsSDK/AI (1.0.0-beta.3):
    - AIBudsSDK/AI/Core (= 1.0.0-beta.3)
    - AIBudsSDK/AI/Dashboard (= 1.0.0-beta.3)
    - AIBudsSDK/AI/Foundation (= 1.0.0-beta.3)
    - AIBudsSDK/AI/MltCloud (= 1.0.0-beta.3)
    - AIBudsSDK/AI/StarBurst (= 1.0.0-beta.3)
  - AIBudsSDK/AI/Core (1.0.0-beta.3):
    - AIBudsSDK/AI/Foundation
    - AIBudsSDK/Core
    - WCDB.swift (= 2.1.16)
  - AIBudsSDK/AI/Dashboard (1.0.0-beta.3):
    - AIBudsSDK/AI/Core
  - AIBudsSDK/AI/Foundation (1.0.0-beta.3):
    - AIBudsSDK/Core
  - AIBudsSDK/AI/MltCloud (1.0.0-beta.3):
    - AIBudsSDK/AI/Core
    - AIBudsSDK/Audio
    - AIBudsSDK/ThirdParty/Lame
    - AIBudsSDK/ThirdParty/MagicHelper
  - AIBudsSDK/AI/StarBurst (1.0.0-beta.3):
    - AIBudsSDK/AI/Core
    - AIBudsSDK/Audio
    - AIBudsSDK/ThirdParty/Lame
    - AIBudsSDK/ThirdParty/StarburstSdk
  - AIBudsSDK/AllInOne (1.0.0-beta.3):
    - AIBudsSDK/ABMate
    - AIBudsSDK/AI
    - AIBudsSDK/Log
    - AIBudsSDK/VoiceAssistant
  - AIBudsSDK/Audio (1.0.0-beta.3):
    - AIBudsSDK/Core
    - AIBudsSDK/ThirdParty/tenVad
  - AIBudsSDK/Core (1.0.0-beta.3):
    - AIBudsSDK/Foundation
    - AIBudsSDK/Log/Core
  - AIBudsSDK/Foundation (1.0.0-beta.3):
    - AIBudsSDK/Log/Core
  - AIBudsSDK/Log (1.0.0-beta.3):
    - AIBudsSDK/Log/Core (= 1.0.0-beta.3)
    - AIBudsSDK/Log/XLFacility (= 1.0.0-beta.3)
  - AIBudsSDK/Log/Core (1.0.0-beta.3):
    - zipzap
  - AIBudsSDK/Log/XLFacility (1.0.0-beta.3):
    - AIBudsSDK/Log/Core
    - iOSLogBrowserSDK
  - AIBudsSDK/ThirdParty/Lame (1.0.0-beta.3)
  - AIBudsSDK/ThirdParty/MagicHelper (1.0.0-beta.3):
    - AFNetworking (~> 4.0)
    - onnxruntime-objc (= 1.18.0)
    - SocketRocket
  - AIBudsSDK/ThirdParty/MZEncryptSDK (1.0.0-beta.3):
    - AIBudsSDK/ThirdParty/openssl
  - AIBudsSDK/ThirdParty/openssl (1.0.0-beta.3)
  - AIBudsSDK/ThirdParty/StarburstSdk (1.0.0-beta.3):
    - AFNetworking (~> 4.0)
    - SocketRocket
  - AIBudsSDK/ThirdParty/tenVad (1.0.0-beta.3)
  - AIBudsSDK/VoiceAssistant (1.0.0-beta.3):
    - AIBudsSDK/Core
    - AIBudsSDK/ThirdParty/MZEncryptSDK
  - DZNEmptyDataSet (1.8.1)
  - GCDWebServer (3.5.4):
    - GCDWebServer/Core (= 3.5.4)
  - GCDWebServer/Core (3.5.4)
  - iOSLogBrowserSDK (1.0.9):
    - XLFacility
    - YYWebImage
  - libopus (1.1):
    - libopus/float (= 1.1)
  - libopus/float (1.1)
  - onnxruntime-c (1.18.0)
  - onnxruntime-objc (1.18.0):
    - onnxruntime-objc/Core (= 1.18.0)
  - onnxruntime-objc/Core (1.18.0):
    - onnxruntime-c (= 1.18.0)
  - Popover.OC (2.2)
  - Reachability (3.7.7)
  - SocketRocket (0.7.1)
  - Toast (4.1.1)
  - WCDB.swift (2.1.16):
    - WCDBOptimizedSQLCipher (= 1.4.8)
  - WCDBOptimizedSQLCipher (1.4.8)
  - XLFacility (1.5.19):
    - XLFacility/Core (= 1.5.19)
    - XLFacility/GCDNetworking (= 1.5.19)
    - XLFacility/GCDTelnetServer (= 1.5.19)
    - XLFacility/Networking (= 1.5.19)
    - XLFacility/UserInterface (= 1.5.19)
  - XLFacility/Core (1.5.19)
  - XLFacility/GCDNetworking (1.5.19)
  - XLFacility/GCDTelnetServer (1.5.19):
    - XLFacility/GCDNetworking
  - XLFacility/Networking (1.5.19):
    - XLFacility/Core
    - XLFacility/GCDTelnetServer
  - XLFacility/UserInterface (1.5.19):
    - XLFacility/Core
  - YYCache (1.0.4)
  - YYImage (1.0.4):
    - YYImage/Core (= 1.0.4)
  - YYImage/Core (1.0.4)
  - YYWebImage (1.0.5):
    - YYCache
    - YYImage
  - zipzap (8.1.1)

DEPENDENCIES:
  - AIBudsSDK/AllInOne (from `../`)
  - DZNEmptyDataSet
  - iOSLogBrowserSDK
  - Popover.OC
  - Reachability
  - Toast
  - XLFacility (from `https://github.com/pcjbird/XLFacility.git`)

SPEC REPOS:
  https://github.com/CocoaPods/Specs.git:
    - AFNetworking
    - DZNEmptyDataSet
    - GCDWebServer
    - iOSLogBrowserSDK
    - libopus
    - onnxruntime-c
    - onnxruntime-objc
    - Popover.OC
    - Reachability
    - SocketRocket
    - Toast
    - WCDB.swift
    - WCDBOptimizedSQLCipher
    - YYCache
    - YYImage
    - YYWebImage
    - zipzap

EXTERNAL SOURCES:
  AIBudsSDK:
    :path: "../"
  XLFacility:
    :git: https://github.com/pcjbird/XLFacility.git

CHECKOUT OPTIONS:
  XLFacility:
    :commit: 1157a85929a0d2fd013f4af5f2902ba99daa5248
    :git: https://github.com/pcjbird/XLFacility.git

SPEC CHECKSUMS:
  AFNetworking: 3bd23d814e976cd148d7d44c3ab78017b744cd58
  AIBudsSDK: d5c1cc1b2c576e88f581ca2f8e3f34e846673475
  DZNEmptyDataSet: 9525833b9e68ac21c30253e1d3d7076cc828eaa7
  GCDWebServer: 2c156a56c8226e2d5c0c3f208a3621ccffbe3ce4
  iOSLogBrowserSDK: 7d833da43df9490ef3eb66b9d332ed02aaeab51b
  libopus: ad5f060dcb8f30f139777244d70f9111f1c80863
  onnxruntime-c: a909204639a1f035f575127ac406f781ac797c9c
  onnxruntime-objc: b6fab0f1787aa6f7190c2013f03037df4718bd8b
  Popover.OC: bfcce8307f77593e1e1d7cf58604077f74e114bc
  Reachability: 8bf74b755b2993968c344b465c13e602db2b1044
  SocketRocket: d4aabe649be1e368d1318fdf28a022d714d65748
  Toast: 1f5ea13423a1e6674c4abdac5be53587ae481c4e
  WCDB.swift: d9c65b12e4ca9c97387c75c2393a50d9649d99e0
  WCDBOptimizedSQLCipher: 871994f7f620302fdf87a2729c099a1efa2223da
  XLFacility: 0138ea66a978766735f827162b5df60e77c451c3
  YYCache: 8105b6638f5e849296c71f331ff83891a4942952
  YYImage: 1e1b62a9997399593e4b9c4ecfbbabbf1d3f3b54
  YYWebImage: 5f7f36aee2ae293f016d418c7d6ba05c4863e928
  zipzap: 940162d9c9c60472c2eab341385e4214da0fdf1c

PODFILE CHECKSUM: 251b9b7b686f907b6eefc4a60ed8bdb09adbae22

COCOAPODS: 1.16.2
